# This file is generated by running "yarn install" inside your project.
# Manual changes might be lost - proceed with caution!

__metadata:
  version: 8
  cacheKey: 10c0

"@types/node@npm:^24.0.0":
  version: 24.0.0
  resolution: "@types/node@npm:24.0.0"
  dependencies:
    undici-types: "npm:~7.8.0"
  checksum: 10c0/075f3129aa88932a0b4c3c9c28486f93a8d295151138b1fdd590cbbb59ec92d59b66201f99a0f061a7c8955a09d06ecc3fa070ed3c438a521a9890d1a3460958
  languageName: node
  linkType: hard

"twitter-api-v2@npm:^1.23.2":
  version: 1.23.2
  resolution: "twitter-api-v2@npm:1.23.2"
  checksum: 10c0/0794d1a734ceae5c98a8f02369c55f28677573e5b9c08197b87a11dd66d931c3c25ced18e626fe1c30c137b3e5d113f4ccaa9f18d2d1a3ce30f800a807baed81
  languageName: node
  linkType: hard

"typescript@npm:^5.8.3":
  version: 5.8.3
  resolution: "typescript@npm:5.8.3"
  bin:
    tsc: bin/tsc
    tsserver: bin/tsserver
  checksum: 10c0/5f8bb01196e542e64d44db3d16ee0e4063ce4f3e3966df6005f2588e86d91c03e1fb131c2581baf0fb65ee79669eea6e161cd448178986587e9f6844446dbb48
  languageName: node
  linkType: hard

"typescript@patch:typescript@npm%3A^5.8.3#optional!builtin<compat/typescript>":
  version: 5.8.3
  resolution: "typescript@patch:typescript@npm%3A5.8.3#optional!builtin<compat/typescript>::version=5.8.3&hash=5786d5"
  bin:
    tsc: bin/tsc
    tsserver: bin/tsserver
  checksum: 10c0/39117e346ff8ebd87ae1510b3a77d5d92dae5a89bde588c747d25da5c146603a99c8ee588c7ef80faaf123d89ed46f6dbd918d534d641083177d5fac38b8a1cb
  languageName: node
  linkType: hard

"undici-types@npm:~7.8.0":
  version: 7.8.0
  resolution: "undici-types@npm:7.8.0"
  checksum: 10c0/9d9d246d1dc32f318d46116efe3cfca5a72d4f16828febc1918d94e58f6ffcf39c158aa28bf5b4fc52f410446bc7858f35151367bd7a49f21746cab6497b709b
  languageName: node
  linkType: hard

"unsubpost-monorepo@workspace:.":
  version: 0.0.0-use.local
  resolution: "unsubpost-monorepo@workspace:."
  languageName: unknown
  linkType: soft

"unsubpost@workspace:lib":
  version: 0.0.0-use.local
  resolution: "unsubpost@workspace:lib"
  dependencies:
    "@types/node": "npm:^24.0.0"
    twitter-api-v2: "npm:^1.23.2"
    typescript: "npm:^5.8.3"
    zod: "npm:^3.25.63"
  languageName: unknown
  linkType: soft

"zod@npm:^3.25.63":
  version: 3.25.63
  resolution: "zod@npm:3.25.63"
  checksum: 10c0/ce09c6ae327a66629e67340856ec19b6b4ba2c28691a2de1e618a5cc717685c2b4e9baa370cf81c34f453fc652733ecfc9a7d5d966570a22472999931abd5ada
  languageName: node
  linkType: hard
